
Microsoft Visual Studio Solution File, Format Version 12.00
# Visual Studio 14
VisualStudioVersion = 14.0.24720.0
MinimumVisualStudioVersion = 10.0.40219.1
Project("{FAE04EC0-301F-11D3-BF4B-00C04F79EFBC}") = "Yakari", "Yakari\Yakari.csproj", "{6386195C-8B63-4DDF-8537-A620857D2312}"
EndProject
Project("{FAE04EC0-301F-11D3-BF4B-00C04F79EFBC}") = "Yakari.Tests", "Yakari.Tests\Yakari.Tests.csproj", "{5FF580DF-2AB8-450B-ABEA-5BC1E5B646CB}"
EndProject
Project("{FAE04EC0-301F-11D3-BF4B-00C04F79EFBC}") = "Yakari.RedisClient", "Yakari.RedisClient\Yakari.RedisClient.csproj", "{A40565DA-4323-4B7A-97FA-21C4CD243CE3}"
EndProject
Project("{FAE04EC0-301F-11D3-BF4B-00C04F79EFBC}") = "Yakari.Serializers.Newtonsoft", "Yakari.Serializers.Newtonsoft\Yakari.Serializers.Newtonsoft.csproj", "{FBD4C0B6-ADAA-46E7-BEA1-9DE7853FDAD2}"
EndProject
Project("{FAE04EC0-301F-11D3-BF4B-00C04F79EFBC}") = "Yakari.Demo.Konsole", "Yakari.Demo.Konsole\Yakari.Demo.Konsole.csproj", "{547ADF34-8A19-4C67-82B1-F154EA1144DC}"
EndProject
Project("{FAE04EC0-301F-11D3-BF4B-00C04F79EFBC}") = "Yakari.Demo", "Yakari.Demo\Yakari.Demo.csproj", "{F18FB7E7-9501-4159-876A-A759D0461CE8}"
EndProject
Global
	GlobalSection(SolutionConfigurationPlatforms) = preSolution
		Debug|Any CPU = Debug|Any CPU
		Release|Any CPU = Release|Any CPU
	EndGlobalSection
	GlobalSection(ProjectConfigurationPlatforms) = postSolution
		{6386195C-8B63-4DDF-8537-A620857D2312}.Debug|Any CPU.ActiveCfg = Debug|Any CPU
		{6386195C-8B63-4DDF-8537-A620857D2312}.Debug|Any CPU.Build.0 = Debug|Any CPU
		{6386195C-8B63-4DDF-8537-A620857D2312}.Release|Any CPU.ActiveCfg = Release|Any CPU
		{6386195C-8B63-4DDF-8537-A620857D2312}.Release|Any CPU.Build.0 = Release|Any CPU
		{5FF580DF-2AB8-450B-ABEA-5BC1E5B646CB}.Debug|Any CPU.ActiveCfg = Debug|Any CPU
		{5FF580DF-2AB8-450B-ABEA-5BC1E5B646CB}.Debug|Any CPU.Build.0 = Debug|Any CPU
		{5FF580DF-2AB8-450B-ABEA-5BC1E5B646CB}.Release|Any CPU.ActiveCfg = Release|Any CPU
		{5FF580DF-2AB8-450B-ABEA-5BC1E5B646CB}.Release|Any CPU.Build.0 = Release|Any CPU
		{A40565DA-4323-4B7A-97FA-21C4CD243CE3}.Debug|Any CPU.ActiveCfg = Debug|Any CPU
		{A40565DA-4323-4B7A-97FA-21C4CD243CE3}.Debug|Any CPU.Build.0 = Debug|Any CPU
		{A40565DA-4323-4B7A-97FA-21C4CD243CE3}.Release|Any CPU.ActiveCfg = Release|Any CPU
		{A40565DA-4323-4B7A-97FA-21C4CD243CE3}.Release|Any CPU.Build.0 = Release|Any CPU
		{FBD4C0B6-ADAA-46E7-BEA1-9DE7853FDAD2}.Debug|Any CPU.ActiveCfg = Debug|Any CPU
		{FBD4C0B6-ADAA-46E7-BEA1-9DE7853FDAD2}.Debug|Any CPU.Build.0 = Debug|Any CPU
		{FBD4C0B6-ADAA-46E7-BEA1-9DE7853FDAD2}.Release|Any CPU.ActiveCfg = Release|Any CPU
		{FBD4C0B6-ADAA-46E7-BEA1-9DE7853FDAD2}.Release|Any CPU.Build.0 = Release|Any CPU
		{547ADF34-8A19-4C67-82B1-F154EA1144DC}.Debug|Any CPU.ActiveCfg = Debug|Any CPU
		{547ADF34-8A19-4C67-82B1-F154EA1144DC}.Debug|Any CPU.Build.0 = Debug|Any CPU
		{547ADF34-8A19-4C67-82B1-F154EA1144DC}.Release|Any CPU.ActiveCfg = Release|Any CPU
		{547ADF34-8A19-4C67-82B1-F154EA1144DC}.Release|Any CPU.Build.0 = Release|Any CPU
		{F18FB7E7-9501-4159-876A-A759D0461CE8}.Debug|Any CPU.ActiveCfg = Debug|Any CPU
		{F18FB7E7-9501-4159-876A-A759D0461CE8}.Debug|Any CPU.Build.0 = Debug|Any CPU
		{F18FB7E7-9501-4159-876A-A759D0461CE8}.Release|Any CPU.ActiveCfg = Release|Any CPU
		{F18FB7E7-9501-4159-876A-A759D0461CE8}.Release|Any CPU.Build.0 = Release|Any CPU
	EndGlobalSection
	GlobalSection(SolutionProperties) = preSolution
		HideSolutionNode = FALSE
	EndGlobalSection
EndGlobal
